
Microsoft Visual Studio Solution File, Format Version 12.00
# Visual Studio Version 17
VisualStudioVersion = 17.14.36310.24 d17.14
MinimumVisualStudioVersion = 10.0.40219.1
Project("{FAE04EC0-301F-11D3-BF4B-00C04F79EFBC}") = "MockRepeat", "MockRepeat\MockRepeat.csproj", "{3FF4CFAA-2CFD-482E-BE78-6439BF49BB72}"
EndProject
Global
	GlobalSection(SolutionConfigurationPlatforms) = preSolution
		Debug|Any CPU = Debug|Any CPU
		Release|Any CPU = Release|Any CPU
	EndGlobalSection
	GlobalSection(ProjectConfigurationPlatforms) = postSolution
		{3FF4CFAA-2CFD-482E-BE78-6439BF49BB72}.Debug|Any CPU.ActiveCfg = Debug|Any CPU
		{3FF4CFAA-2CFD-482E-BE78-6439BF49BB72}.Debug|Any CPU.Build.0 = Debug|Any CPU
		{3FF4CFAA-2CFD-482E-BE78-6439BF49BB72}.Release|Any CPU.ActiveCfg = Release|Any CPU
		{3FF4CFAA-2CFD-482E-BE78-6439BF49BB72}.Release|Any CPU.Build.0 = Release|Any CPU
	EndGlobalSection
	GlobalSection(SolutionProperties) = preSolution
		HideSolutionNode = FALSE
	EndGlobalSection
	GlobalSection(ExtensibilityGlobals) = postSolution
		SolutionGuid = {CCAFF078-3826-413B-B48C-0BABEF953201}
	EndGlobalSection
EndGlobal
